
Microsoft Visual Studio Solution File, Format Version 12.00
# Visual Studio Version 16
VisualStudioVersion = 16.0.30320.27
MinimumVisualStudioVersion = 10.0.40219.1
Project("{9A19103F-16F7-4668-BE54-9A1E7A4F7556}") = "FortniteReplayAnalyzer", "FortniteReplayAnalyzer.csproj", "{0C258DCE-9B36-48D2-88D5-A3704C465524}"
EndProject
Global
	GlobalSection(SolutionConfigurationPlatforms) = preSolution
		Debug|Any CPU = Debug|Any CPU
		Release|Any CPU = Release|Any CPU
	EndGlobalSection
	GlobalSection(ProjectConfigurationPlatforms) = postSolution
		{0C258DCE-9B36-48D2-88D5-A3704C465524}.Debug|Any CPU.ActiveCfg = Debug|Any CPU
		{0C258DCE-9B36-48D2-88D5-A3704C465524}.Debug|Any CPU.Build.0 = Debug|Any CPU
		{0C258DCE-9B36-48D2-88D5-A3704C465524}.Release|Any CPU.ActiveCfg = Release|Any CPU
		{0C258DCE-9B36-48D2-88D5-A3704C465524}.Release|Any CPU.Build.0 = Release|Any CPU
	EndGlobalSection
	GlobalSection(SolutionProperties) = preSolution
		HideSolutionNode = FALSE
	EndGlobalSection
	GlobalSection(ExtensibilityGlobals) = postSolution
		SolutionGuid = {DF5F5FF6-7600-4AE3-867D-EB87E66D6E00}
	EndGlobalSection
EndGlobal
